PODS:
  - data (1.0)
  - datastore (1.0)
  - model (1.0)

DEPENDENCIES:
  - data (from `../shared/core/data`)
  - datastore (from `../shared/core/datastore`)
  - model (from `../shared/core/model`)

EXTERNAL SOURCES:
  data:
    :path: "../shared/core/data"
  datastore:
    :path: "../shared/core/datastore"
  model:
    :path: "../shared/core/model"

SPEC CHECKSUMS:
  data: d80f3ba50e5c27b380b29ec602ad40501d765a77
  datastore: 4f5e5ec948c76ecf4f5f2ba8a2942cd16a88d015
  model: b411eaa67d1b3a08807b5f0bc1b540e62fc45390

PODFILE CHECKSUM: f9cd13719e1afd7544d5888747cb00b42abd4bdc

COCOAPODS: 1.10.2
